<?xml version="1.0" encoding="utf-8"?>
<Project ToolsVersion="4.0" xmlns="http://schemas.microsoft.com/developer/msbuild/2003">
  <ItemGroup>
    <FxCompile Include="Shaders.hlsl">
      <Filter>hlsl</Filter>
    </FxCompile>
    <FxCompile Include="Light1.hlsl">
      <Filter>hlsl</Filter>
    </FxCompile>
  </ItemGroup>
  <ItemGroup>
    <ClCompile Include="AttackComponent.cpp">
      <Filter>SourceFile\Component</Filter>
    </ClCompile>
    <ClCompile Include="Component.cpp">
      <Filter>SourceFile\Component\Base</Filter>
    </ClCompile>
    <ClCompile Include="CollideComponent.cpp">
      <Filter>SourceFile\Component</Filter>
    </ClCompile>
    <ClCompile Include="PlayerMovementComponent.cpp">
      <Filter>SourceFile\Component</Filter>
    </ClCompile>
    <ClCompile Include="RotateComponent.cpp">
      <Filter>SourceFile\Component</Filter>
    </ClCompile>
    <ClCompile Include="Transform3DComponent.cpp">
      <Filter>SourceFile\Component</Filter>
    </ClCompile>
    <ClCompile Include="GoblinComponent.cpp">
      <Filter>SourceFile\Component</Filter>
    </ClCompile>
    <ClCompile Include="Camera.cpp">
      <Filter>SourceFile\DirectX12</Filter>
    </ClCompile>
    <ClCompile Include="Characters.cpp">
      <Filter>SourceFile\DirectX12</Filter>
    </ClCompile>
    <ClCompile Include="Shader.cpp">
      <Filter>SourceFile\DirectX12</Filter>
    </ClCompile>
    <ClCompile Include="GameScene.cpp">
      <Filter>SourceFile\DirectX12</Filter>
    </ClCompile>
    <ClCompile Include="GameFramework.cpp">
      <Filter>SourceFile\DirectX12</Filter>
    </ClCompile>
    <ClCompile Include="Object.cpp">
      <Filter>SourceFile\DirectX12</Filter>
    </ClCompile>
    <ClCompile Include="Player.cpp">
      <Filter>SourceFile\DirectX12</Filter>
    </ClCompile>
    <ClCompile Include="Mesh.cpp">
      <Filter>SourceFile\DirectX12</Filter>
    </ClCompile>
    <ClCompile Include="Timer.cpp">
      <Filter>SourceFile\Framework</Filter>
    </ClCompile>
    <ClCompile Include="Input.cpp">
      <Filter>SourceFile\Framework</Filter>
    </ClCompile>
    <ClCompile Include="WICTextureLoader12.cpp">
      <Filter>SourceFile\DirectX12\TextureLoader</Filter>
    </ClCompile>
    <ClCompile Include="DDSTextureLoader12.cpp">
      <Filter>SourceFile\DirectX12\TextureLoader</Filter>
    </ClCompile>
    <ClCompile Include="DataMSG.cpp">
      <Filter>SourceFile\MSG</Filter>
    </ClCompile>
    <ClCompile Include="MSGQueue.cpp">
      <Filter>SourceFile\MSG</Filter>
    </ClCompile>
    <ClCompile Include="GameState.cpp">
      <Filter>SourceFile\Framework</Filter>
    </ClCompile>
    <ClCompile Include="stdafx.cpp">
      <Filter>SourceFile\PCH_AND_MISC</Filter>
    </ClCompile>
    <ClCompile Include="NonSense.cpp">
      <Filter>SourceFile\System</Filter>
    </ClCompile>
  </ItemGroup>
  <ItemGroup>
    <ClInclude Include="AttackComponent.h">
      <Filter>SourceFile\Component</Filter>
    </ClInclude>
    <ClInclude Include="Component.h">
      <Filter>SourceFile\Component\Base</Filter>
    </ClInclude>
    <ClInclude Include="CollideComponent.h">
      <Filter>SourceFile\Component</Filter>
    </ClInclude>
    <ClInclude Include="PlayerMovementComponent.h">
      <Filter>SourceFile\Component</Filter>
    </ClInclude>
    <ClInclude Include="RotateComponent.h">
      <Filter>SourceFile\Component</Filter>
    </ClInclude>
    <ClInclude Include="Transform3DComponent.h">
      <Filter>SourceFile\Component</Filter>
    </ClInclude>
    <ClInclude Include="GoblinComponent.h">
      <Filter>SourceFile\Component</Filter>
    </ClInclude>
    <ClInclude Include="Camera.h">
      <Filter>SourceFile\DirectX12</Filter>
    </ClInclude>
    <ClInclude Include="Characters.h">
      <Filter>SourceFile\DirectX12</Filter>
    </ClInclude>
    <ClInclude Include="Shader.h">
      <Filter>SourceFile\DirectX12</Filter>
    </ClInclude>
    <ClInclude Include="GameScene.h">
      <Filter>SourceFile\DirectX12</Filter>
    </ClInclude>
    <ClInclude Include="GameFramework.h">
      <Filter>SourceFile\DirectX12</Filter>
    </ClInclude>
    <ClInclude Include="Object.h">
      <Filter>SourceFile\DirectX12</Filter>
    </ClInclude>
    <ClInclude Include="Player.h">
      <Filter>SourceFile\DirectX12</Filter>
    </ClInclude>
    <ClInclude Include="Mesh.h">
      <Filter>SourceFile\DirectX12</Filter>
    </ClInclude>
    <ClInclude Include="Timer.h">
      <Filter>SourceFile\Framework</Filter>
    </ClInclude>
    <ClInclude Include="Input.h">
      <Filter>SourceFile\Framework</Filter>
    </ClInclude>
    <ClInclude Include="WICTextureLoader12.h">
      <Filter>SourceFile\DirectX12\TextureLoader</Filter>
    </ClInclude>
    <ClInclude Include="DDSTextureLoader12.h">
      <Filter>SourceFile\DirectX12\TextureLoader</Filter>
    </ClInclude>
    <ClInclude Include="DataMSG.h">
      <Filter>SourceFile\MSG</Filter>
    </ClInclude>
    <ClInclude Include="MSGQueue.h">
      <Filter>SourceFile\MSG</Filter>
    </ClInclude>
    <ClInclude Include="GameState.h">
      <Filter>SourceFile\Framework</Filter>
    </ClInclude>
    <ClInclude Include="stdafx.h">
      <Filter>SourceFile\PCH_AND_MISC</Filter>
    </ClInclude>
    <ClInclude Include="NonSense.h">
      <Filter>SourceFile\System</Filter>
    </ClInclude>
    <ClInclude Include="Resource.h">
      <Filter>Header</Filter>
    </ClInclude>
    <ClInclude Include="targetver.h">
      <Filter>Header</Filter>
    </ClInclude>
    <ClInclude Include="..\Globals.h">
      <Filter>Header</Filter>
    </ClInclude>
  </ItemGroup>
  <ItemGroup>
    <Image Include="small.ico">
      <Filter>ResourceFile</Filter>
    </Image>
    <Image Include="NonSense.ico">
      <Filter>ResourceFile</Filter>
    </Image>
  </ItemGroup>
  <ItemGroup>
    <Filter Include="ResourceFile">
      <UniqueIdentifier>{8cdeb9a8-c63c-4aa1-8249-a458083f181f}</UniqueIdentifier>
    </Filter>
    <Filter Include="Header">
      <UniqueIdentifier>{17ea6dbe-b366-4399-808f-53e7b514fda0}</UniqueIdentifier>
    </Filter>
    <Filter Include="hlsl">
      <UniqueIdentifier>{22b77865-7e75-40f6-a4d9-1fdc6060c616}</UniqueIdentifier>
    </Filter>
    <Filter Include="SourceFile">
      <UniqueIdentifier>{fc1c4453-2cb8-4b1c-8357-1c50f9191f34}</UniqueIdentifier>
    </Filter>
    <Filter Include="SourceFile\Component">
      <UniqueIdentifier>{f46db714-c821-412c-a886-f9a28b84e23b}</UniqueIdentifier>
    </Filter>
    <Filter Include="SourceFile\Component\Base">
      <UniqueIdentifier>{29c630f5-d0e6-4775-8e8f-304371f7ae66}</UniqueIdentifier>
    </Filter>
    <Filter Include="SourceFile\DirectX12">
      <UniqueIdentifier>{f602b625-f952-4e39-9793-a103da896eab}</UniqueIdentifier>
    </Filter>
    <Filter Include="SourceFile\DirectX12\TextureLoader">
      <UniqueIdentifier>{3de8461e-cbdb-49c8-b708-8c81bfd7f691}</UniqueIdentifier>
    </Filter>
    <Filter Include="SourceFile\Framework">
      <UniqueIdentifier>{fb9cc9d3-725c-4a4f-95a0-a9fb47a48761}</UniqueIdentifier>
    </Filter>
    <Filter Include="SourceFile\MSG">
      <UniqueIdentifier>{fa9eb1cf-b6f0-4bb1-ba1c-958500c2e74f}</UniqueIdentifier>
    </Filter>
    <Filter Include="SourceFile\PCH_AND_MISC">
      <UniqueIdentifier>{268ca640-2309-4cb9-81d3-f5a6a00fa46c}</UniqueIdentifier>
    </Filter>
    <Filter Include="SourceFile\System">
      <UniqueIdentifier>{e1ba55b6-7a9c-480b-8f2d-717675544b5d}</UniqueIdentifier>
    </Filter>
  </ItemGroup>
  <ItemGroup>
    <ResourceCompile Include="NonSense.rc">
      <Filter>ResourceFile</Filter>
    </ResourceCompile>
  </ItemGroup>
</Project>