<?xml version="1.0" encoding="utf-8"?>
<Project ToolsVersion="4.0" xmlns="http://schemas.microsoft.com/developer/msbuild/2003">
  <ItemGroup>
    <Filter Include="소스 파일">
      <UniqueIdentifier>{4FC737F1-C7A5-4376-A066-2A32D752A2FF}</UniqueIdentifier>
      <Extensions>cpp;c;cc;cxx;c++;cppm;ixx;def;odl;idl;hpj;bat;asm;asmx</Extensions>
    </Filter>
    <Filter Include="헤더 파일">
      <UniqueIdentifier>{93995380-89BD-4b04-88EB-625FBE52EBFB}</UniqueIdentifier>
      <Extensions>h;hh;hpp;hxx;h++;hm;inl;inc;ipp;xsd</Extensions>
    </Filter>
    <Filter Include="리소스 파일">
      <UniqueIdentifier>{67DA6AB6-F800-4c08-8B7A-83BB121AAD01}</UniqueIdentifier>
      <Extensions>rc;ico;cur;bmp;dlg;rc2;rct;bin;rgs;gif;jpg;jpeg;jpe;resx;tiff;tif;png;wav;mfcribbon-ms</Extensions>
    </Filter>
    <Filter Include="소스 파일\DirectX 12">
      <UniqueIdentifier>{e01b3cd7-4898-49e0-aa36-1cf3143ed41f}</UniqueIdentifier>
    </Filter>
    <Filter Include="소스 파일\Components">
      <UniqueIdentifier>{72921a05-7971-4c38-ac8c-6bb42cbf3860}</UniqueIdentifier>
    </Filter>
    <Filter Include="소스 파일\Network">
      <UniqueIdentifier>{d494c99c-d001-445c-9fc8-097ad15ae3ae}</UniqueIdentifier>
    </Filter>
    <Filter Include="소스 파일\PCH_AND_MISC">
      <UniqueIdentifier>{f6a1218f-e56d-4c1b-8042-b88350e98143}</UniqueIdentifier>
    </Filter>
    <Filter Include="소스 파일\System">
      <UniqueIdentifier>{f5061bcb-6788-4774-b63d-e3d3e7f775ee}</UniqueIdentifier>
    </Filter>
    <Filter Include="소스 파일\Components\base">
      <UniqueIdentifier>{487ddc59-b878-4807-a67e-1276b591e7df}</UniqueIdentifier>
    </Filter>
    <Filter Include="소스 파일\DirectX 12\TextureLoader">
      <UniqueIdentifier>{c45f60a0-87bc-4768-bbf7-40726cd51c7e}</UniqueIdentifier>
    </Filter>
    <Filter Include="소스 파일\Framework">
      <UniqueIdentifier>{f393ba7c-4471-4e70-9191-53066386f2dc}</UniqueIdentifier>
    </Filter>
    <Filter Include="소스 파일\GameScenes">
      <UniqueIdentifier>{8aeb62b5-91c3-4d89-998f-9b47b016df2b}</UniqueIdentifier>
    </Filter>
  </ItemGroup>
  <ItemGroup>
    <ClInclude Include="targetver.h">
      <Filter>헤더 파일</Filter>
    </ClInclude>
    <ClInclude Include="Resource.h">
      <Filter>헤더 파일</Filter>
    </ClInclude>
    <ClInclude Include="GameFramework.h">
      <Filter>소스 파일\DirectX 12</Filter>
    </ClInclude>
    <ClInclude Include="Mesh.h">
      <Filter>소스 파일\DirectX 12</Filter>
    </ClInclude>
    <ClInclude Include="Shader.h">
      <Filter>소스 파일\DirectX 12</Filter>
    </ClInclude>
    <ClInclude Include="Object.h">
      <Filter>소스 파일\DirectX 12</Filter>
    </ClInclude>
    <ClInclude Include="Camera.h">
      <Filter>소스 파일\DirectX 12</Filter>
    </ClInclude>
    <ClInclude Include="Player.h">
      <Filter>소스 파일\DirectX 12</Filter>
    </ClInclude>
    <ClInclude Include="GameScene.h">
      <Filter>소스 파일\DirectX 12</Filter>
    </ClInclude>
    <ClInclude Include="NonSense.h">
      <Filter>소스 파일</Filter>
    </ClInclude>
    <ClInclude Include="GameState.h">
      <Filter>소스 파일\Framework</Filter>
    </ClInclude>
    <ClInclude Include="stdafx.h">
      <Filter>소스 파일\PCH_AND_MISC</Filter>
    </ClInclude>
    <ClInclude Include="Timer.h">
      <Filter>소스 파일\System</Filter>
    </ClInclude>
    <ClInclude Include="..\Globals.h">
      <Filter>헤더 파일</Filter>
    </ClInclude>
    <ClInclude Include="Component.h">
      <Filter>소스 파일\Components\base</Filter>
    </ClInclude>
    <ClInclude Include="RotateComponent.h">
      <Filter>소스 파일\Components</Filter>
    </ClInclude>
    <ClInclude Include="PlayerMovementComponent.h">
      <Filter>소스 파일\Components</Filter>
    </ClInclude>
    <ClInclude Include="CollideComponent.h">
      <Filter>소스 파일\Components</Filter>
    </ClInclude>
    <ClInclude Include="Input.h">
      <Filter>소스 파일\System</Filter>
    </ClInclude>
    <ClInclude Include="DDSTextureLoader12.h">
      <Filter>소스 파일\DirectX 12\TextureLoader</Filter>
    </ClInclude>
    <ClInclude Include="WICTextureLoader12.h">
      <Filter>소스 파일\DirectX 12\TextureLoader</Filter>
    </ClInclude>
    <ClInclude Include="Lobby_GameScene.h">
      <Filter>소스 파일\GameScenes</Filter>
    </ClInclude>
    <ClInclude Include="Login_GameScene.h">
      <Filter>소스 파일\GameScenes</Filter>
    </ClInclude>
    <ClInclude Include="Stage_GameScene.h">
      <Filter>소스 파일\GameScenes</Filter>
    </ClInclude>
    <ClInclude Include="NetworkMGR.h">
      <Filter>소스 파일\Network</Filter>
    </ClInclude>
    <ClInclude Include="Transform3DComponent.h">
      <Filter>소스 파일\Components</Filter>
    </ClInclude>
  </ItemGroup>
  <ItemGroup>
    <ClCompile Include="Mesh.cpp">
      <Filter>소스 파일\DirectX 12</Filter>
    </ClCompile>
    <ClCompile Include="Shader.cpp">
      <Filter>소스 파일\DirectX 12</Filter>
    </ClCompile>
    <ClCompile Include="Object.cpp">
      <Filter>소스 파일\DirectX 12</Filter>
    </ClCompile>
    <ClCompile Include="Camera.cpp">
      <Filter>소스 파일\DirectX 12</Filter>
    </ClCompile>
    <ClCompile Include="Player.cpp">
      <Filter>소스 파일\DirectX 12</Filter>
    </ClCompile>
    <ClCompile Include="GameScene.cpp">
      <Filter>소스 파일\DirectX 12</Filter>
    </ClCompile>
    <ClCompile Include="GameFramework.cpp">
      <Filter>소스 파일\DirectX 12</Filter>
    </ClCompile>
    <ClCompile Include="NonSense.cpp">
      <Filter>소스 파일</Filter>
    </ClCompile>
    <ClCompile Include="GameState.cpp">
      <Filter>소스 파일\Framework</Filter>
    </ClCompile>
    <ClCompile Include="stdafx.cpp">
      <Filter>소스 파일\PCH_AND_MISC</Filter>
    </ClCompile>
    <ClCompile Include="Timer.cpp">
      <Filter>소스 파일\System</Filter>
    </ClCompile>
    <ClCompile Include="Component.cpp">
      <Filter>소스 파일\Components\base</Filter>
    </ClCompile>
    <ClCompile Include="RotateComponent.cpp">
      <Filter>소스 파일\Components</Filter>
    </ClCompile>
    <ClCompile Include="PlayerMovementComponent.cpp">
      <Filter>소스 파일\Components</Filter>
    </ClCompile>
    <ClCompile Include="CollideComponent.cpp">
      <Filter>소스 파일\Components</Filter>
    </ClCompile>
    <ClCompile Include="Input.cpp">
      <Filter>소스 파일\System</Filter>
    </ClCompile>
    <ClCompile Include="DDSTextureLoader12.cpp">
      <Filter>소스 파일\DirectX 12\TextureLoader</Filter>
    </ClCompile>
    <ClCompile Include="WICTextureLoader12.cpp">
      <Filter>소스 파일\DirectX 12\TextureLoader</Filter>
    </ClCompile>
    <ClCompile Include="Lobby_GameScene.cpp">
      <Filter>소스 파일\GameScenes</Filter>
    </ClCompile>
    <ClCompile Include="Login_GameScene.cpp">
      <Filter>소스 파일\GameScenes</Filter>
    </ClCompile>
    <ClCompile Include="Stage_GameScene.cpp">
      <Filter>소스 파일\GameScenes</Filter>
    </ClCompile>
    <ClCompile Include="NetworkMGR.cpp">
      <Filter>소스 파일\Network</Filter>
    </ClCompile>
    <ClCompile Include="Transform3DComponent.cpp">
      <Filter>소스 파일\Components</Filter>
    </ClCompile>
  </ItemGroup>
  <ItemGroup>
    <ResourceCompile Include="NonSense.rc">
      <Filter>리소스 파일</Filter>
    </ResourceCompile>
  </ItemGroup>
  <ItemGroup>
    <Image Include="small.ico">
      <Filter>리소스 파일</Filter>
    </Image>
    <Image Include="NonSense.ico">
      <Filter>리소스 파일</Filter>
    </Image>
  </ItemGroup>
  <ItemGroup>
    <FxCompile Include="Shaders.hlsl" />
    <FxCompile Include="Light1.hlsl" />
  </ItemGroup>
</Project>