<?xml version="1.0" encoding="utf-8"?>
<Project ToolsVersion="4.0" xmlns="http://schemas.microsoft.com/developer/msbuild/2003">
  <ItemGroup>
    <Filter Include="소스 파일">
      <UniqueIdentifier>{4FC737F1-C7A5-4376-A066-2A32D752A2FF}</UniqueIdentifier>
      <Extensions>cpp;c;cc;cxx;c++;cppm;ixx;def;odl;idl;hpj;bat;asm;asmx</Extensions>
    </Filter>
    <Filter Include="헤더 파일">
      <UniqueIdentifier>{93995380-89BD-4b04-88EB-625FBE52EBFB}</UniqueIdentifier>
      <Extensions>h;hh;hpp;hxx;h++;hm;inl;inc;ipp;xsd</Extensions>
    </Filter>
    <Filter Include="리소스 파일">
      <UniqueIdentifier>{67DA6AB6-F800-4c08-8B7A-83BB121AAD01}</UniqueIdentifier>
      <Extensions>rc;ico;cur;bmp;dlg;rc2;rct;bin;rgs;gif;jpg;jpeg;jpe;resx;tiff;tif;png;wav;mfcribbon-ms</Extensions>
    </Filter>
    <Filter Include="소스 파일\Components">
      <UniqueIdentifier>{bdb43f13-7460-4d0a-b65d-40f56d98f6da}</UniqueIdentifier>
    </Filter>
    <Filter Include="소스 파일\RemoteClient">
      <UniqueIdentifier>{ff705b7c-40a6-4dad-9ccb-b5d983b8608a}</UniqueIdentifier>
    </Filter>
    <Filter Include="소스 파일\Components\base">
      <UniqueIdentifier>{59ff87f7-7060-49a2-88cc-7a7e486265b9}</UniqueIdentifier>
    </Filter>
    <Filter Include="소스 파일\GameFramework">
      <UniqueIdentifier>{f27e4273-03be-4fc8-b9df-d56dfdced680}</UniqueIdentifier>
    </Filter>
    <Filter Include="소스 파일\System">
      <UniqueIdentifier>{3f605a84-8e1c-44ed-b296-f3d001908733}</UniqueIdentifier>
    </Filter>
    <Filter Include="소스 파일\Terrain">
      <UniqueIdentifier>{9ed3d800-42aa-479b-b984-34791284917b}</UniqueIdentifier>
    </Filter>
  </ItemGroup>
  <ItemGroup>
    <ClCompile Include="main.cpp">
      <Filter>소스 파일</Filter>
    </ClCompile>
    <ClCompile Include="RemoteClients\RemoteClient.cpp">
      <Filter>소스 파일\RemoteClient</Filter>
    </ClCompile>
    <ClCompile Include="Components\Component.cpp">
      <Filter>소스 파일\Components\base</Filter>
    </ClCompile>
    <ClCompile Include="Object.cpp">
      <Filter>소스 파일\GameFramework</Filter>
    </ClCompile>
    <ClCompile Include="Scene.cpp">
      <Filter>소스 파일\GameFramework</Filter>
    </ClCompile>
    <ClCompile Include="Components\PlayerMovementComponent.cpp">
      <Filter>소스 파일\Components</Filter>
    </ClCompile>
    <ClCompile Include="Player.cpp">
      <Filter>소스 파일\GameFramework</Filter>
    </ClCompile>
    <ClCompile Include="Timer.cpp">
      <Filter>소스 파일\System</Filter>
    </ClCompile>
    <ClCompile Include="Terrain.cpp">
      <Filter>소스 파일\Terrain</Filter>
    </ClCompile>
  </ItemGroup>
  <ItemGroup>
    <ClInclude Include="stdafx.h">
      <Filter>헤더 파일</Filter>
    </ClInclude>
    <ClInclude Include="targetver.h">
      <Filter>헤더 파일</Filter>
    </ClInclude>
    <ClInclude Include="RemoteClients\RemoteClient.h">
      <Filter>소스 파일\RemoteClient</Filter>
    </ClInclude>
    <ClInclude Include="Components\Component.h">
      <Filter>소스 파일\Components\base</Filter>
    </ClInclude>
    <ClInclude Include="Object.h">
      <Filter>소스 파일\GameFramework</Filter>
    </ClInclude>
    <ClInclude Include="Scene.h">
      <Filter>소스 파일\GameFramework</Filter>
    </ClInclude>
    <ClInclude Include="Components\PlayerMovementComponent.h">
      <Filter>소스 파일\Components</Filter>
    </ClInclude>
    <ClInclude Include="Player.h">
      <Filter>소스 파일\GameFramework</Filter>
    </ClInclude>
    <ClInclude Include="Timer.h">
      <Filter>소스 파일\System</Filter>
    </ClInclude>
    <ClInclude Include="Input.h">
      <Filter>소스 파일\System</Filter>
    </ClInclude>
    <ClInclude Include="Terrain.h">
      <Filter>소스 파일\Terrain</Filter>
    </ClInclude>
  </ItemGroup>
</Project>